<?xml version="1.0" encoding="utf-8"?>
<Project ToolsVersion="4.0" xmlns="http://schemas.microsoft.com/developer/msbuild/2003">
  <ItemGroup>
    <ClCompile Include="src\main.cpp" />
    <ClCompile Include="src\HeightMap.cpp" />
    <ClCompile Include="src\gl_core_4_4.c" />
    <ClCompile Include="src\glutils.cpp" />
    <ClCompile Include="src\SceneBasic.cpp" />
  </ItemGroup>
  <ItemGroup>
    <Text Include="README.txt" />
  </ItemGroup>
  <ItemGroup>
    <Filter Include="Buffers">
      <UniqueIdentifier>{08365aae-4353-4bd2-ae08-53eb524786cd}</UniqueIdentifier>
    </Filter>
  </ItemGroup>
  <ItemGroup>
    <ClInclude Include="src\HeightMap.h" />
    <ClInclude Include="src\Scene.h" />
    <ClInclude Include="src\gl_core_4_4.h" />
    <ClInclude Include="src\glutils.h" />
    <ClInclude Include="src\SceneBasic.h" />
  </ItemGroup>
</Project>