<?xml version="1.0" encoding="utf-8"?>
<Project ToolsVersion="4.0" xmlns="http://schemas.microsoft.com/developer/msbuild/2003">
  <ItemGroup>
    <ClCompile Include="src\main.cpp" />
    <ClCompile Include="src\gl_core_4_4.c" />
    <ClCompile Include="src\glutils.cpp" />
    <ClCompile Include="src\SceneBasic.cpp" />
    <ClCompile Include="src\glslprogram.cpp" />
    <ClCompile Include="src\Camera.cpp" />
    <ClCompile Include="src\VBOSphere.cpp" />
    <ClCompile Include="src\ImageHeightMap.cpp" />
  </ItemGroup>
  <ItemGroup>
    <Text Include="README.txt" />
  </ItemGroup>
  <ItemGroup>
    <Filter Include="shaders">
      <UniqueIdentifier>{64ec7b40-9bc6-4815-b2a0-25fb5840a57f}</UniqueIdentifier>
    </Filter>
  </ItemGroup>
  <ItemGroup>
    <ClInclude Include="src\Scene.h" />
    <ClInclude Include="src\gl_core_4_4.h" />
    <ClInclude Include="src\glutils.h" />
    <ClInclude Include="src\SceneBasic.h" />
    <ClInclude Include="src\glslprogram.h" />
    <ClInclude Include="src\Camera.h" />
    <ClInclude Include="src\VBOSphere.h" />
    <ClInclude Include="src\ImageHeightMap.h" />
  </ItemGroup>
  <ItemGroup>
    <None Include="shader\levelCurve.frag">
      <Filter>shaders</Filter>
    </None>
    <None Include="shader\levelCurve.vert">
      <Filter>shaders</Filter>
    </None>
    <None Include="shader\levelCurve.geom">
      <Filter>shaders</Filter>
    </None>
  </ItemGroup>
</Project>